{
    "_readme": [
        "This file locks the dependencies of your project to a known state",
        "Read more about it at https://getcomposer.org/doc/01-basic-usage.md#composer-lock-the-lock-file",
        "This file is @generated automatically"
    ],
    "hash": "f4e64e233b199dba5a4c8f76b14d8bcf",
    "content-hash": "a104162abf358ef77e97cad54313e1b0",
    "packages": [
        {
            "name": "jtsternberg/shortcode-button",
            "version": "v0.2.3",
            "source": {
                "type": "git",
                "url": "https://github.com/jtsternberg/Shortcode_Button.git",
                "reference": "9a36a6937f10207cecdd021d05b7995ed1cf688d"
            },
            "dist": {
                "type": "zip",
                "url": "https://api.github.com/repos/jtsternberg/Shortcode_Button/zipball/9a36a6937f10207cecdd021d05b7995ed1cf688d",
                "reference": "9a36a6937f10207cecdd021d05b7995ed1cf688d",
                "shasum": ""
            },
            "require": {
                "php": ">5.2"
            },
            "type": "wordpress-plugin",
            "autoload": {
                "classmap": [
                    "shortcode-button.php"
                ]
            },
            "notification-url": "https://packagist.org/downloads/",
            "license": [
                "GPL-2.0+"
            ],
            "authors": [
                {
                    "name": "jtsternberg",
                    "email": "justin@dsgnwrks.pro",
                    "homepage": "http://dsgnwrks.pro/",
                    "role": "Developer"
                }
            ],
            "description": "Tinymce and Quicktag buttons (and modals) for outputting shortcodes. Built to work with CMB2.",
            "homepage": "https://github.com/jtsternberg/Shortcode_Button",
            "keywords": [
                "CMB2",
                "shortcodes",
                "wordpress"
            ],
            "time": "2016-02-26 05:53:20"
        }
    ],
    "packages-dev": [],
    "aliases": [],
    "minimum-stability": "dev",
    "stability-flags": [],
    "prefer-stable": false,
    "prefer-lowest": false,
    "platform": {
        "php": ">5.2"
    },
    "platform-dev": []
}
